{
  "name": "vstyles",
  "lockfileVersion": 3,
  "requires": true,
  "packages": {
    "": {
      "dependencies": {
        "esri-style-ft-mapbox-style": "^0.0.3"
      }
    },
    "node_modules/esri-style-ft-mapbox-style": {
      "version": "0.0.3",
      "resolved": "https://registry.npmjs.org/esri-style-ft-mapbox-style/-/esri-style-ft-mapbox-style-0.0.3.tgz",
      "integrity": "sha512-ZTpt4N2yk5bL1QNOZGAR9ImheFdAW8pdsR0qnYSW35MLVlhcPUC62mncUWZQR+bfXQ618IxQNmsHg/UJ5tOW8g=="
    }
  }
}
